
Microsoft Visual Studio Solution File, Format Version 12.00
# Visual Studio Express 2013 for Web
VisualStudioVersion = 12.0.20827.3
MinimumVisualStudioVersion = 10.0.40219.1
Project("{FAE04EC0-301F-11D3-BF4B-00C04F79EFBC}") = "RockScissorPaper", "RockScissorPaper\RockScissorPaper.csproj", "{42DBF428-134D-4F28-889F-167C315F82D3}"
EndProject
Project("{FAE04EC0-301F-11D3-BF4B-00C04F79EFBC}") = "RockScissorPaper.Tests", "RockScissorPaper.Tests\RockScissorPaper.Tests.csproj", "{671AA7A6-9325-450F-830D-2E0A4900CCE5}"
EndProject
Project("{2150E333-8FDC-42A3-9474-1A3956D46DE8}") = ".nuget", ".nuget", "{999EC0F9-9D83-4A98-BD4A-855520517CCD}"
	ProjectSection(SolutionItems) = preProject
		.nuget\NuGet.Config = .nuget\NuGet.Config
		.nuget\NuGet.exe = .nuget\NuGet.exe
		.nuget\NuGet.targets = .nuget\NuGet.targets
		.nuget\packages.config = .nuget\packages.config
	EndProjectSection
EndProject
Project("{FAE04EC0-301F-11D3-BF4B-00C04F79EFBC}") = "RockScissorPaper.DAL", "RockScissorPaperDataAccessLayer\RockScissorPaper.DAL.csproj", "{ADA5A597-B2BF-455B-AC06-ACDA02562146}"
EndProject
Project("{FAE04EC0-301F-11D3-BF4B-00C04F79EFBC}") = "RockScissorPaper.Domain", "RockScissorPaperCore\RockScissorPaper.Domain.csproj", "{E83840D2-E540-4C5E-A097-ACE6360AB0BD}"
EndProject
Project("{FAE04EC0-301F-11D3-BF4B-00C04F79EFBC}") = "HilltopDigital.SimpleDAL", "HilltopDigital.SimpleDAL\HilltopDigital.SimpleDAL.csproj", "{4BFA59A8-50D7-45F7-A33C-6DC0B3AC3661}"
EndProject
Project("{2150E333-8FDC-42A3-9474-1A3956D46DE8}") = "App", "App", "{184D4CCF-8D54-4567-9096-A764F4B422E7}"
EndProject
Project("{2150E333-8FDC-42A3-9474-1A3956D46DE8}") = "Core", "Core", "{FDB44BFF-A2C3-4C28-976E-83644F285BEC}"
EndProject
Project("{2150E333-8FDC-42A3-9474-1A3956D46DE8}") = "Test", "Test", "{A06F4432-F2B3-4D32-B494-DB2FC3543BF6}"
EndProject
Project("{FAE04EC0-301F-11D3-BF4B-00C04F79EFBC}") = "RockScissorPaper.BLL", "RockScissorPaper.BLL\RockScissorPaper.BLL.csproj", "{5CE2162F-EB77-4F03-91CD-9B570DB5C4D8}"
EndProject
Project("{2150E333-8FDC-42A3-9474-1A3956D46DE8}") = "Solution Items", "Solution Items", "{27B1D724-7FE1-42B8-8101-BFB946709FFF}"
	ProjectSection(SolutionItems) = preProject
		Readme.md = Readme.md
	EndProjectSection
EndProject
Project("{2150E333-8FDC-42A3-9474-1A3956D46DE8}") = "DB", "DB", "{4471EAC6-6A66-46DF-9A6F-F8ABDD0D243C}"
EndProject
Project("{2150E333-8FDC-42A3-9474-1A3956D46DE8}") = "MySQLScripts", "MySQLScripts", "{499F4A51-8A4C-49DD-8705-BA9272656B11}"
	ProjectSection(SolutionItems) = preProject
		SQLScripts\MySQLScripts\DatabaseStartUpScript.sql = SQLScripts\MySQLScripts\DatabaseStartUpScript.sql
		SQLScripts\MySQLScripts\GetSelectionPositionScript.sql = SQLScripts\MySQLScripts\GetSelectionPositionScript.sql
		SQLScripts\MSSQLScripts\UNDO-DatabaseStartUpScript.sql = SQLScripts\MSSQLScripts\UNDO-DatabaseStartUpScript.sql
	EndProjectSection
EndProject
Project("{2150E333-8FDC-42A3-9474-1A3956D46DE8}") = "MSSQLScripts", "MSSQLScripts", "{9FB159D0-59AC-49B3-B5B7-6B787CD21A53}"
	ProjectSection(SolutionItems) = preProject
		SQLScripts\MSSQLScripts\DatabaseStartUpScript.sql = SQLScripts\MSSQLScripts\DatabaseStartUpScript.sql
		SQLScripts\MSSQLScripts\UNDO-DatabaseStartUpScript.sql = SQLScripts\MSSQLScripts\UNDO-DatabaseStartUpScript.sql
	EndProjectSection
EndProject
Project("{2150E333-8FDC-42A3-9474-1A3956D46DE8}") = "Player", "Player", "{0737F088-400B-4BBB-B069-81A8AF2EA4AC}"
	ProjectSection(SolutionItems) = preProject
		SQLScripts\MySQLScripts\StoredProceedures\Player\Player_Create.sql = SQLScripts\MySQLScripts\StoredProceedures\Player\Player_Create.sql
		SQLScripts\MySQLScripts\StoredProceedures\Player\Player_GetById.sql = SQLScripts\MySQLScripts\StoredProceedures\Player\Player_GetById.sql
	EndProjectSection
EndProject
Project("{2150E333-8FDC-42A3-9474-1A3956D46DE8}") = "Game", "Game", "{74B49E9B-83A2-47EA-96EC-4AF28E70C076}"
	ProjectSection(SolutionItems) = preProject
		SQLScripts\MySQLScripts\StoredProceedures\Game\Game_All.sql = SQLScripts\MySQLScripts\StoredProceedures\Game\Game_All.sql
		SQLScripts\MySQLScripts\StoredProceedures\Game\Game_CountActive.sql = SQLScripts\MySQLScripts\StoredProceedures\Game\Game_CountActive.sql
		SQLScripts\MySQLScripts\StoredProceedures\Game\Game_Create.sql = SQLScripts\MySQLScripts\StoredProceedures\Game\Game_Create.sql
		SQLScripts\MySQLScripts\StoredProceedures\Game\Game_GetById.sql = SQLScripts\MySQLScripts\StoredProceedures\Game\Game_GetById.sql
		SQLScripts\MySQLScripts\StoredProceedures\Game\GamePlayer_GetBotvsHumanVictoryCount.sql = SQLScripts\MySQLScripts\StoredProceedures\Game\GamePlayer_GetBotvsHumanVictoryCount.sql
		SQLScripts\MySQLScripts\StoredProceedures\Game\GamePlayer_Update.sql = SQLScripts\MySQLScripts\StoredProceedures\Game\GamePlayer_Update.sql
		SQLScripts\MySQLScripts\StoredProceedures\Game\GameRound_Create.sql = SQLScripts\MySQLScripts\StoredProceedures\Game\GameRound_Create.sql
		SQLScripts\MySQLScripts\StoredProceedures\Game\GameRound_GetById.sql = SQLScripts\MySQLScripts\StoredProceedures\Game\GameRound_GetById.sql
		SQLScripts\MySQLScripts\StoredProceedures\Game\GameRoundResult_Create.sql = SQLScripts\MySQLScripts\StoredProceedures\Game\GameRoundResult_Create.sql
		SQLScripts\MySQLScripts\StoredProceedures\Game\GameRuleSet_GetById.sql = SQLScripts\MySQLScripts\StoredProceedures\Game\GameRuleSet_GetById.sql
		SQLScripts\MySQLScripts\StoredProceedures\Game\GameRuleSet_GetGameRuleSetId.sql = SQLScripts\MySQLScripts\StoredProceedures\Game\GameRuleSet_GetGameRuleSetId.sql
		SQLScripts\MySQLScripts\StoredProceedures\Game\GameStatus_Update.sql = SQLScripts\MySQLScripts\StoredProceedures\Game\GameStatus_Update.sql
	EndProjectSection
EndProject
Project("{2150E333-8FDC-42A3-9474-1A3956D46DE8}") = "Stats", "Stats", "{6C68CEB3-3995-4E35-820D-3914F7545E83}"
	ProjectSection(SolutionItems) = preProject
		SQLScripts\MySQLScripts\StoredProceedures\Statistics\Game_GetGamesPlayed.sql = SQLScripts\MySQLScripts\StoredProceedures\Statistics\Game_GetGamesPlayed.sql
		SQLScripts\MySQLScripts\StoredProceedures\Statistics\Gameround_GetGroupedByDate.sql = SQLScripts\MySQLScripts\StoredProceedures\Statistics\Gameround_GetGroupedByDate.sql
		SQLScripts\MySQLScripts\StoredProceedures\Statistics\GameRound_GetStatistic.sql = SQLScripts\MySQLScripts\StoredProceedures\Statistics\GameRound_GetStatistic.sql
		SQLScripts\MySQLScripts\StoredProceedures\Statistics\GameRound_GetStatisticByRoundNumber.sql = SQLScripts\MySQLScripts\StoredProceedures\Statistics\GameRound_GetStatisticByRoundNumber.sql
		SQLScripts\MySQLScripts\StoredProceedures\Statistics\GameRound_GetStatisticSummary.sql = SQLScripts\MySQLScripts\StoredProceedures\Statistics\GameRound_GetStatisticSummary.sql
	EndProjectSection
EndProject
Project("{FAE04EC0-301F-11D3-BF4B-00C04F79EFBC}") = "RockScissorPaper.DAL.Test", "RockScissorPaper.DAL.Test\RockScissorPaper.DAL.Test.csproj", "{CC8E9521-D044-4FB5-94BE-B2531B933EDB}"
EndProject
Project("{2150E333-8FDC-42A3-9474-1A3956D46DE8}") = "Views", "Views", "{91129E2F-79AA-490F-AF7F-76BACE27B5C6}"
	ProjectSection(SolutionItems) = preProject
		SQLScripts\MySQLScripts\Views\RoundSelectionStatistics.sql = SQLScripts\MySQLScripts\Views\RoundSelectionStatistics.sql
	EndProjectSection
EndProject
Global
	GlobalSection(SolutionConfigurationPlatforms) = preSolution
		Debug|Any CPU = Debug|Any CPU
		Release|Any CPU = Release|Any CPU
		Test|Any CPU = Test|Any CPU
	EndGlobalSection
	GlobalSection(ProjectConfigurationPlatforms) = postSolution
		{42DBF428-134D-4F28-889F-167C315F82D3}.Debug|Any CPU.ActiveCfg = Debug|Any CPU
		{42DBF428-134D-4F28-889F-167C315F82D3}.Debug|Any CPU.Build.0 = Debug|Any CPU
		{42DBF428-134D-4F28-889F-167C315F82D3}.Release|Any CPU.ActiveCfg = Release|Any CPU
		{42DBF428-134D-4F28-889F-167C315F82D3}.Release|Any CPU.Build.0 = Release|Any CPU
		{42DBF428-134D-4F28-889F-167C315F82D3}.Test|Any CPU.ActiveCfg = Test|Any CPU
		{42DBF428-134D-4F28-889F-167C315F82D3}.Test|Any CPU.Build.0 = Test|Any CPU
		{671AA7A6-9325-450F-830D-2E0A4900CCE5}.Debug|Any CPU.ActiveCfg = Debug|Any CPU
		{671AA7A6-9325-450F-830D-2E0A4900CCE5}.Debug|Any CPU.Build.0 = Debug|Any CPU
		{671AA7A6-9325-450F-830D-2E0A4900CCE5}.Release|Any CPU.ActiveCfg = Release|Any CPU
		{671AA7A6-9325-450F-830D-2E0A4900CCE5}.Release|Any CPU.Build.0 = Release|Any CPU
		{671AA7A6-9325-450F-830D-2E0A4900CCE5}.Test|Any CPU.ActiveCfg = Test|Any CPU
		{671AA7A6-9325-450F-830D-2E0A4900CCE5}.Test|Any CPU.Build.0 = Test|Any CPU
		{ADA5A597-B2BF-455B-AC06-ACDA02562146}.Debug|Any CPU.ActiveCfg = Debug|Any CPU
		{ADA5A597-B2BF-455B-AC06-ACDA02562146}.Debug|Any CPU.Build.0 = Debug|Any CPU
		{ADA5A597-B2BF-455B-AC06-ACDA02562146}.Release|Any CPU.ActiveCfg = Release|Any CPU
		{ADA5A597-B2BF-455B-AC06-ACDA02562146}.Release|Any CPU.Build.0 = Release|Any CPU
		{ADA5A597-B2BF-455B-AC06-ACDA02562146}.Test|Any CPU.ActiveCfg = Release|Any CPU
		{ADA5A597-B2BF-455B-AC06-ACDA02562146}.Test|Any CPU.Build.0 = Release|Any CPU
		{E83840D2-E540-4C5E-A097-ACE6360AB0BD}.Debug|Any CPU.ActiveCfg = Debug|Any CPU
		{E83840D2-E540-4C5E-A097-ACE6360AB0BD}.Debug|Any CPU.Build.0 = Debug|Any CPU
		{E83840D2-E540-4C5E-A097-ACE6360AB0BD}.Release|Any CPU.ActiveCfg = Release|Any CPU
		{E83840D2-E540-4C5E-A097-ACE6360AB0BD}.Release|Any CPU.Build.0 = Release|Any CPU
		{E83840D2-E540-4C5E-A097-ACE6360AB0BD}.Test|Any CPU.ActiveCfg = Release|Any CPU
		{E83840D2-E540-4C5E-A097-ACE6360AB0BD}.Test|Any CPU.Build.0 = Release|Any CPU
		{4BFA59A8-50D7-45F7-A33C-6DC0B3AC3661}.Debug|Any CPU.ActiveCfg = Debug|Any CPU
		{4BFA59A8-50D7-45F7-A33C-6DC0B3AC3661}.Debug|Any CPU.Build.0 = Debug|Any CPU
		{4BFA59A8-50D7-45F7-A33C-6DC0B3AC3661}.Release|Any CPU.ActiveCfg = Release|Any CPU
		{4BFA59A8-50D7-45F7-A33C-6DC0B3AC3661}.Release|Any CPU.Build.0 = Release|Any CPU
		{4BFA59A8-50D7-45F7-A33C-6DC0B3AC3661}.Test|Any CPU.ActiveCfg = Release|Any CPU
		{4BFA59A8-50D7-45F7-A33C-6DC0B3AC3661}.Test|Any CPU.Build.0 = Release|Any CPU
		{5CE2162F-EB77-4F03-91CD-9B570DB5C4D8}.Debug|Any CPU.ActiveCfg = Debug|Any CPU
		{5CE2162F-EB77-4F03-91CD-9B570DB5C4D8}.Debug|Any CPU.Build.0 = Debug|Any CPU
		{5CE2162F-EB77-4F03-91CD-9B570DB5C4D8}.Release|Any CPU.ActiveCfg = Release|Any CPU
		{5CE2162F-EB77-4F03-91CD-9B570DB5C4D8}.Release|Any CPU.Build.0 = Release|Any CPU
		{5CE2162F-EB77-4F03-91CD-9B570DB5C4D8}.Test|Any CPU.ActiveCfg = Release|Any CPU
		{5CE2162F-EB77-4F03-91CD-9B570DB5C4D8}.Test|Any CPU.Build.0 = Release|Any CPU
		{CC8E9521-D044-4FB5-94BE-B2531B933EDB}.Debug|Any CPU.ActiveCfg = Debug|Any CPU
		{CC8E9521-D044-4FB5-94BE-B2531B933EDB}.Debug|Any CPU.Build.0 = Debug|Any CPU
		{CC8E9521-D044-4FB5-94BE-B2531B933EDB}.Release|Any CPU.ActiveCfg = Release|Any CPU
		{CC8E9521-D044-4FB5-94BE-B2531B933EDB}.Release|Any CPU.Build.0 = Release|Any CPU
		{CC8E9521-D044-4FB5-94BE-B2531B933EDB}.Test|Any CPU.ActiveCfg = Release|Any CPU
		{CC8E9521-D044-4FB5-94BE-B2531B933EDB}.Test|Any CPU.Build.0 = Release|Any CPU
	EndGlobalSection
	GlobalSection(SolutionProperties) = preSolution
		HideSolutionNode = FALSE
	EndGlobalSection
	GlobalSection(NestedProjects) = preSolution
		{ADA5A597-B2BF-455B-AC06-ACDA02562146} = {184D4CCF-8D54-4567-9096-A764F4B422E7}
		{E83840D2-E540-4C5E-A097-ACE6360AB0BD} = {184D4CCF-8D54-4567-9096-A764F4B422E7}
		{42DBF428-134D-4F28-889F-167C315F82D3} = {184D4CCF-8D54-4567-9096-A764F4B422E7}
		{5CE2162F-EB77-4F03-91CD-9B570DB5C4D8} = {184D4CCF-8D54-4567-9096-A764F4B422E7}
		{671AA7A6-9325-450F-830D-2E0A4900CCE5} = {A06F4432-F2B3-4D32-B494-DB2FC3543BF6}
		{CC8E9521-D044-4FB5-94BE-B2531B933EDB} = {A06F4432-F2B3-4D32-B494-DB2FC3543BF6}
		{4BFA59A8-50D7-45F7-A33C-6DC0B3AC3661} = {FDB44BFF-A2C3-4C28-976E-83644F285BEC}
		{499F4A51-8A4C-49DD-8705-BA9272656B11} = {4471EAC6-6A66-46DF-9A6F-F8ABDD0D243C}
		{9FB159D0-59AC-49B3-B5B7-6B787CD21A53} = {4471EAC6-6A66-46DF-9A6F-F8ABDD0D243C}
		{0737F088-400B-4BBB-B069-81A8AF2EA4AC} = {499F4A51-8A4C-49DD-8705-BA9272656B11}
		{74B49E9B-83A2-47EA-96EC-4AF28E70C076} = {499F4A51-8A4C-49DD-8705-BA9272656B11}
		{6C68CEB3-3995-4E35-820D-3914F7545E83} = {499F4A51-8A4C-49DD-8705-BA9272656B11}
		{91129E2F-79AA-490F-AF7F-76BACE27B5C6} = {499F4A51-8A4C-49DD-8705-BA9272656B11}
	EndGlobalSection
EndGlobal
